
Microsoft Visual Studio Solution File, Format Version 11.00
# Visual Studio 2010
Project("{FAE04EC0-301F-11D3-BF4B-00C04F79EFBC}") = "OnlineOCRApp", "OnlineOCRApp\OnlineOCRApp.csproj", "{C2ECA878-B91F-49C2-A1E9-A78A9F74D3AD}"
EndProject
Project("{FAE04EC0-301F-11D3-BF4B-00C04F79EFBC}") = "Phone.Controls", "Phone.Controls\Phone.Controls.csproj", "{6CCB5E30-E5CE-49DB-B953-9D7A6886F2C2}"
EndProject
Global
	GlobalSection(SolutionConfigurationPlatforms) = preSolution
		Debug|Any CPU = Debug|Any CPU
		Release|Any CPU = Release|Any CPU
	EndGlobalSection
	GlobalSection(ProjectConfigurationPlatforms) = postSolution
		{C2ECA878-B91F-49C2-A1E9-A78A9F74D3AD}.Debug|Any CPU.ActiveCfg = Debug|Any CPU
		{C2ECA878-B91F-49C2-A1E9-A78A9F74D3AD}.Debug|Any CPU.Build.0 = Debug|Any CPU
		{C2ECA878-B91F-49C2-A1E9-A78A9F74D3AD}.Debug|Any CPU.Deploy.0 = Debug|Any CPU
		{C2ECA878-B91F-49C2-A1E9-A78A9F74D3AD}.Release|Any CPU.ActiveCfg = Release|Any CPU
		{C2ECA878-B91F-49C2-A1E9-A78A9F74D3AD}.Release|Any CPU.Build.0 = Release|Any CPU
		{C2ECA878-B91F-49C2-A1E9-A78A9F74D3AD}.Release|Any CPU.Deploy.0 = Release|Any CPU
		{6CCB5E30-E5CE-49DB-B953-9D7A6886F2C2}.Debug|Any CPU.ActiveCfg = Debug|Any CPU
		{6CCB5E30-E5CE-49DB-B953-9D7A6886F2C2}.Debug|Any CPU.Build.0 = Debug|Any CPU
		{6CCB5E30-E5CE-49DB-B953-9D7A6886F2C2}.Release|Any CPU.ActiveCfg = Release|Any CPU
		{6CCB5E30-E5CE-49DB-B953-9D7A6886F2C2}.Release|Any CPU.Build.0 = Release|Any CPU
	EndGlobalSection
	GlobalSection(SolutionProperties) = preSolution
		HideSolutionNode = FALSE
	EndGlobalSection
EndGlobal
